<Solution>
  <Folder Name="/Task0/">
    <Project Path="Tyuiu.MarkovaVO.Sprint0.Task0.V0/Tyuiu.MarkovaVO.Sprint0.Task0.V0.csproj" />
  </Folder>
  <Folder Name="/Task1/">
    <Project Path="Tyuiu.MarkovaVO.Sprint0.Task1.V0/Tyuiu.MarkovaVO.Sprint0.Task1.V0.csproj" />
  </Folder>
  <Folder Name="/Task2/">
    <Project Path="Tyuiu.MarkovaVO.Sprint).Task2.V0/Tyuiu.MarkovaVO.Sprint).Task2.V0.csproj" Id="ffa7fc06-1361-440c-825b-d5a334388459" />
    <Project Path="Tyuiu.MarkovaVO.Sprint0.Task2.V0.lib/Tyuiu.MarkovaVO.Sprint0.Task2.V0.lib.csproj" Id="5db4d4c6-bce3-4855-975b-f767b7be534c" />
    <Project Path="Tyuiu.MarkovaVO.Sprint0.Task2.V0.Test/Tyuiu.MarkovaVO.Sprint0.Task2.V0.Test.csproj" Id="b695d72b-f57e-41a4-a8d8-3f9151ef7491" />
  </Folder>
  <Folder Name="/Task3/">
    <Project Path="Tyuiu.MarkovaVO.Sprin0.Task3.V0.lib/Tyuiu.MarkovaVO.Sprin0.Task3.V0.lib.csproj" Id="fc744c0a-b7a2-4434-8682-0a5bbb1c3c09" />
    <Project Path="Tyuiu.MarkovaVO.Sprin0.Task3.V0.Test/Tyuiu.MarkovaVO.Sprin0.Task3.V0.Test.csproj" Id="d75963b5-6dab-40df-87ce-37297b510601" />
    <Project Path="Tyuiu.MarkovaVO.Sprin0.Task3.V0/Tyuiu.MarkovaVO.Sprin0.Task3.V0.csproj" Id="a5e0396e-7ff9-400f-b362-0ba594e7bc1c" />
  </Folder>
</Solution>
